// !$*UTF8*$!
{
	archiveVersion = 1;
	classes = {
	};
	objectVersion = 50;
	objects = {

/* Begin PBXBuildFile section */
		6FBDCC2D21541D4B00C2318E /* AppDelegate.swift in Sources */ = {isa = PBXBuildFile; fileRef = 6FBDCC2C21541D4B00C2318E /* AppDelegate.swift */; };
		6FBDCC2F21541D4B00C2318E /* ViewFinderViewController.swift in Sources */ = {isa = PBXBuildFile; fileRef = 6FBDCC2E21541D4B00C2318E /* ViewFinderViewController.swift */; };
		6FBDCC3221541D4B00C2318E /* Main.storyboard in Resources */ = {isa = PBXBuildFile; fileRef = 6FBDCC3021541D4B00C2318E /* Main.storyboard */; };
		6FBDCC3521541D4B00C2318E /* groupProject.xcdatamodeld in Sources */ = {isa = PBXBuildFile; fileRef = 6FBDCC3321541D4B00C2318E /* groupProject.xcdatamodeld */; };
		6FBDCC3721541D4C00C2318E /* Assets.xcassets in Resources */ = {isa = PBXBuildFile; fileRef = 6FBDCC3621541D4C00C2318E /* Assets.xcassets */; };
		6FBDCC3A21541D4C00C2318E /* LaunchScreen.storyboard in Resources */ = {isa = PBXBuildFile; fileRef = 6FBDCC3821541D4C00C2318E /* LaunchScreen.storyboard */; };
		E73B001C215D609400B427CF /* ViewFinderViewControllerDelegate.swift in Sources */ = {isa = PBXBuildFile; fileRef = E73B001B215D609400B427CF /* ViewFinderViewControllerDelegate.swift */; };
		E73B001E215D626500B427CF /* Stickers.swift in Sources */ = {isa = PBXBuildFile; fileRef = E73B001D215D626500B427CF /* Stickers.swift */; };
		E73B0020215D64D700B427CF /* StickerCell.swift in Sources */ = {isa = PBXBuildFile; fileRef = E73B001F215D64D700B427CF /* StickerCell.swift */; };
		F5393B862161B88A0003A5DC /* Filters.swift in Sources */ = {isa = PBXBuildFile; fileRef = F5393B852161B88A0003A5DC /* Filters.swift */; };
		F5393B882161BB7F0003A5DC /* ContainerViewController.swift in Sources */ = {isa = PBXBuildFile; fileRef = F5393B872161BB7F0003A5DC /* ContainerViewController.swift */; };
		F5393B8A2161BBD80003A5DC /* FilterCell.swift in Sources */ = {isa = PBXBuildFile; fileRef = F5393B892161BBD80003A5DC /* FilterCell.swift */; };
		F5393B8C2161BC9C0003A5DC /* SidePanelViewController.swift in Sources */ = {isa = PBXBuildFile; fileRef = F5393B8B2161BC9C0003A5DC /* SidePanelViewController.swift */; };
		F5393B8E2161BE570003A5DC /* SidePanelViewControllerDelegate.swift in Sources */ = {isa = PBXBuildFile; fileRef = F5393B8D2161BE570003A5DC /* SidePanelViewControllerDelegate.swift */; };
/* End PBXBuildFile section */

/* Begin PBXFileReference section */
		6FBDCC2921541D4B00C2318E /* groupProject.app */ = {isa = PBXFileReference; explicitFileType = wrapper.application; includeInIndex = 0; path = groupProject.app; sourceTree = BUILT_PRODUCTS_DIR; };
		6FBDCC2C21541D4B00C2318E /* AppDelegate.swift */ = {isa = PBXFileReference; lastKnownFileType = sourcecode.swift; path = AppDelegate.swift; sourceTree = "<group>"; };
		6FBDCC2E21541D4B00C2318E /* ViewFinderViewController.swift */ = {isa = PBXFileReference; lastKnownFileType = sourcecode.swift; path = ViewFinderViewController.swift; sourceTree = "<group>"; };
		6FBDCC3121541D4B00C2318E /* Base */ = {isa = PBXFileReference; lastKnownFileType = file.storyboard; name = Base; path = Base.lproj/Main.storyboard; sourceTree = "<group>"; };
		6FBDCC3421541D4B00C2318E /* groupProject.xcdatamodel */ = {isa = PBXFileReference; lastKnownFileType = wrapper.xcdatamodel; path = groupProject.xcdatamodel; sourceTree = "<group>"; };
		6FBDCC3621541D4C00C2318E /* Assets.xcassets */ = {isa = PBXFileReference; lastKnownFileType = folder.assetcatalog; path = Assets.xcassets; sourceTree = "<group>"; };
		6FBDCC3921541D4C00C2318E /* Base */ = {isa = PBXFileReference; lastKnownFileType = file.storyboard; name = Base; path = Base.lproj/LaunchScreen.storyboard; sourceTree = "<group>"; };
		6FBDCC3B21541D4C00C2318E /* Info.plist */ = {isa = PBXFileReference; lastKnownFileType = text.plist.xml; path = Info.plist; sourceTree = "<group>"; };
		E73B001B215D609400B427CF /* ViewFinderViewControllerDelegate.swift */ = {isa = PBXFileReference; lastKnownFileType = sourcecode.swift; path = ViewFinderViewControllerDelegate.swift; sourceTree = "<group>"; };
		E73B001D215D626500B427CF /* Stickers.swift */ = {isa = PBXFileReference; lastKnownFileType = sourcecode.swift; path = Stickers.swift; sourceTree = "<group>"; };
		E73B001F215D64D700B427CF /* StickerCell.swift */ = {isa = PBXFileReference; lastKnownFileType = sourcecode.swift; path = StickerCell.swift; sourceTree = "<group>"; };
		F5393B852161B88A0003A5DC /* Filters.swift */ = {isa = PBXFileReference; lastKnownFileType = sourcecode.swift; path = Filters.swift; sourceTree = "<group>"; };
		F5393B872161BB7F0003A5DC /* ContainerViewController.swift */ = {isa = PBXFileReference; lastKnownFileType = sourcecode.swift; path = ContainerViewController.swift; sourceTree = "<group>"; };
		F5393B892161BBD80003A5DC /* FilterCell.swift */ = {isa = PBXFileReference; lastKnownFileType = sourcecode.swift; path = FilterCell.swift; sourceTree = "<group>"; };
		F5393B8B2161BC9C0003A5DC /* SidePanelViewController.swift */ = {isa = PBXFileReference; lastKnownFileType = sourcecode.swift; path = SidePanelViewController.swift; sourceTree = "<group>"; };
		F5393B8D2161BE570003A5DC /* SidePanelViewControllerDelegate.swift */ = {isa = PBXFileReference; lastKnownFileType = sourcecode.swift; path = SidePanelViewControllerDelegate.swift; sourceTree = "<group>"; };
/* End PBXFileReference section */

/* Begin PBXFrameworksBuildPhase section */
		6FBDCC2621541D4B00C2318E /* Frameworks */ = {
			isa = PBXFrameworksBuildPhase;
			buildActionMask = 2147483647;
			files = (
			);
			runOnlyForDeploymentPostprocessing = 0;
		};
/* End PBXFrameworksBuildPhase section */

/* Begin PBXGroup section */
		6FBDCC2021541D4B00C2318E = {
			isa = PBXGroup;
			children = (
				6FBDCC2B21541D4B00C2318E /* groupProject */,
				6FBDCC2A21541D4B00C2318E /* Products */,
			);
			sourceTree = "<group>";
		};
		6FBDCC2A21541D4B00C2318E /* Products */ = {
			isa = PBXGroup;
			children = (
				6FBDCC2921541D4B00C2318E /* groupProject.app */,
			);
			name = Products;
			sourceTree = "<group>";
		};
		6FBDCC2B21541D4B00C2318E /* groupProject */ = {
			isa = PBXGroup;
			children = (
				F5393B852161B88A0003A5DC /* Filters.swift */,
				6FBDCC2C21541D4B00C2318E /* AppDelegate.swift */,
				6FBDCC2E21541D4B00C2318E /* ViewFinderViewController.swift */,
				E73B001D215D626500B427CF /* Stickers.swift */,
				E73B001F215D64D700B427CF /* StickerCell.swift */,
				E73B001B215D609400B427CF /* ViewFinderViewControllerDelegate.swift */,
				6FBDCC3021541D4B00C2318E /* Main.storyboard */,
				6FBDCC3621541D4C00C2318E /* Assets.xcassets */,
				6FBDCC3821541D4C00C2318E /* LaunchScreen.storyboard */,
				6FBDCC3B21541D4C00C2318E /* Info.plist */,
				6FBDCC3321541D4B00C2318E /* groupProject.xcdatamodeld */,
				F5393B872161BB7F0003A5DC /* ContainerViewController.swift */,
				F5393B892161BBD80003A5DC /* FilterCell.swift */,
				F5393B8B2161BC9C0003A5DC /* SidePanelViewController.swift */,
				F5393B8D2161BE570003A5DC /* SidePanelViewControllerDelegate.swift */,
			);
			path = groupProject;
			sourceTree = "<group>";
		};
/* End PBXGroup section */

/* Begin PBXNativeTarget section */
		6FBDCC2821541D4B00C2318E /* groupProject */ = {
			isa = PBXNativeTarget;
			buildConfigurationList = 6FBDCC3E21541D4C00C2318E /* Build configuration list for PBXNativeTarget "groupProject" */;
			buildPhases = (
				6FBDCC2521541D4B00C2318E /* Sources */,
				6FBDCC2621541D4B00C2318E /* Frameworks */,
				6FBDCC2721541D4B00C2318E /* Resources */,
			);
			buildRules = (
			);
			dependencies = (
			);
			name = groupProject;
			productName = groupProject;
			productReference = 6FBDCC2921541D4B00C2318E /* groupProject.app */;
			productType = "com.apple.product-type.application";
		};
/* End PBXNativeTarget section */

/* Begin PBXProject section */
		6FBDCC2121541D4B00C2318E /* Project object */ = {
			isa = PBXProject;
			attributes = {
				LastSwiftUpdateCheck = 0940;
				LastUpgradeCheck = 0940;
				ORGANIZATIONNAME = "Friedl, Luke";
				TargetAttributes = {
					6FBDCC2821541D4B00C2318E = {
						CreatedOnToolsVersion = 9.4.1;
					};
				};
			};
			buildConfigurationList = 6FBDCC2421541D4B00C2318E /* Build configuration list for PBXProject "groupProject" */;
			compatibilityVersion = "Xcode 9.3";
			developmentRegion = en;
			hasScannedForEncodings = 0;
			knownRegions = (
				en,
				Base,
			);
			mainGroup = 6FBDCC2021541D4B00C2318E;
			productRefGroup = 6FBDCC2A21541D4B00C2318E /* Products */;
			projectDirPath = "";
			projectRoot = "";
			targets = (
				6FBDCC2821541D4B00C2318E /* groupProject */,
			);
		};
/* End PBXProject section */

/* Begin PBXResourcesBuildPhase section */
		6FBDCC2721541D4B00C2318E /* Resources */ = {
			isa = PBXResourcesBuildPhase;
			buildActionMask = 2147483647;
			files = (
				6FBDCC3A21541D4C00C2318E /* LaunchScreen.storyboard in Resources */,
				6FBDCC3721541D4C00C2318E /* Assets.xcassets in Resources */,
				6FBDCC3221541D4B00C2318E /* Main.storyboard in Resources */,
			);
			runOnlyForDeploymentPostprocessing = 0;
		};
/* End PBXResourcesBuildPhase section */

/* Begin PBXSourcesBuildPhase section */
		6FBDCC2521541D4B00C2318E /* Sources */ = {
			isa = PBXSourcesBuildPhase;
			buildActionMask = 2147483647;
			files = (
				F5393B8E2161BE570003A5DC /* SidePanelViewControllerDelegate.swift in Sources */,
				F5393B862161B88A0003A5DC /* Filters.swift in Sources */,
				E73B001E215D626500B427CF /* Stickers.swift in Sources */,
				F5393B8C2161BC9C0003A5DC /* SidePanelViewController.swift in Sources */,
				F5393B882161BB7F0003A5DC /* ContainerViewController.swift in Sources */,
				E73B0020215D64D700B427CF /* StickerCell.swift in Sources */,
				6FBDCC2F21541D4B00C2318E /* ViewFinderViewController.swift in Sources */,
				6FBDCC2D21541D4B00C2318E /* AppDelegate.swift in Sources */,
				E73B001C215D609400B427CF /* ViewFinderViewControllerDelegate.swift in Sources */,
				F5393B8A2161BBD80003A5DC /* FilterCell.swift in Sources */,
				6FBDCC3521541D4B00C2318E /* groupProject.xcdatamodeld in Sources */,
			);
			runOnlyForDeploymentPostprocessing = 0;
		};
/* End PBXSourcesBuildPhase section */

/* Begin PBXVariantGroup section */
		6FBDCC3021541D4B00C2318E /* Main.storyboard */ = {
			isa = PBXVariantGroup;
			children = (
				6FBDCC3121541D4B00C2318E /* Base */,
			);
			name = Main.storyboard;
			sourceTree = "<group>";
		};
		6FBDCC3821541D4C00C2318E /* LaunchScreen.storyboard */ = {
			isa = PBXVariantGroup;
			children = (
				6FBDCC3921541D4C00C2318E /* Base */,
			);
			name = LaunchScreen.storyboard;
			sourceTree = "<group>";
		};
/* End PBXVariantGroup section */

/* Begin XCBuildConfiguration section */
		6FBDCC3C21541D4C00C2318E /* Debug */ = {
			isa = XCBuildConfiguration;
			buildSettings = {
				ALWAYS_SEARCH_USER_PATHS = NO;
				CLANG_ANALYZER_NONNULL = YES;
				CLANG_ANALYZER_NUMBER_OBJECT_CONVERSION = YES_AGGRESSIVE;
				CLANG_CXX_LANGUAGE_STANDARD = "gnu++14";
				CLANG_CXX_LIBRARY = "libc++";
				CLANG_ENABLE_MODULES = YES;
				CLANG_ENABLE_OBJC_ARC = YES;
				CLANG_ENABLE_OBJC_WEAK = YES;
				CLANG_WARN_BLOCK_CAPTURE_AUTORELEASING = YES;
				CLANG_WARN_BOOL_CONVERSION = YES;
				CLANG_WARN_COMMA = YES;
				CLANG_WARN_CONSTANT_CONVERSION = YES;
				CLANG_WARN_DEPRECATED_OBJC_IMPLEMENTATIONS = YES;
				CLANG_WARN_DIRECT_OBJC_ISA_USAGE = YES_ERROR;
				CLANG_WARN_DOCUMENTATION_COMMENTS = YES;
				CLANG_WARN_EMPTY_BODY = YES;
				CLANG_WARN_ENUM_CONVERSION = YES;
				CLANG_WARN_INFINITE_RECURSION = YES;
				CLANG_WARN_INT_CONVERSION = YES;
				CLANG_WARN_NON_LITERAL_NULL_CONVERSION = YES;
				CLANG_WARN_OBJC_IMPLICIT_RETAIN_SELF = YES;
				CLANG_WARN_OBJC_LITERAL_CONVERSION = YES;
				CLANG_WARN_OBJC_ROOT_CLASS = YES_ERROR;
				CLANG_WARN_RANGE_LOOP_ANALYSIS = YES;
				CLANG_WARN_STRICT_PROTOTYPES = YES;
				CLANG_WARN_SUSPICIOUS_MOVE = YES;
				CLANG_WARN_UNGUARDED_AVAILABILITY = YES_AGGRESSIVE;
				CLANG_WARN_UNREACHABLE_CODE = YES;
				CLANG_WARN__DUPLICATE_METHOD_MATCH = YES;
				CODE_SIGN_IDENTITY = "iPhone Developer";
				COPY_PHASE_STRIP = NO;
				DEBUG_INFORMATION_FORMAT = dwarf;
				ENABLE_STRICT_OBJC_MSGSEND = YES;
				ENABLE_TESTABILITY = YES;
				GCC_C_LANGUAGE_STANDARD = gnu11;
				GCC_DYNAMIC_NO_PIC = NO;
				GCC_NO_COMMON_BLOCKS = YES;
				GCC_OPTIMIZATION_LEVEL = 0;
				GCC_PREPROCESSOR_DEFINITIONS = (
					"DEBUG=1",
					"$(inherited)",
				);
				GCC_WARN_64_TO_32_BIT_CONVERSION = YES;
				GCC_WARN_ABOUT_RETURN_TYPE = YES_ERROR;
				GCC_WARN_UNDECLARED_SELECTOR = YES;
				GCC_WARN_UNINITIALIZED_AUTOS = YES_AGGRESSIVE;
				GCC_WARN_UNUSED_FUNCTION = YES;
				GCC_WARN_UNUSED_VARIABLE = YES;
				IPHONEOS_DEPLOYMENT_TARGET = 11.4;
				MTL_ENABLE_DEBUG_INFO = YES;
				ONLY_ACTIVE_ARCH = YES;
				SDKROOT = iphoneos;
				SWIFT_ACTIVE_COMPILATION_CONDITIONS = DEBUG;
				SWIFT_OPTIMIZATION_LEVEL = "-Onone";
			};
			name = Debug;
		};
		6FBDCC3D21541D4C00C2318E /* Release */ = {
			isa = XCBuildConfiguration;
			buildSettings = {
				ALWAYS_SEARCH_USER_PATHS = NO;
				CLANG_ANALYZER_NONNULL = YES;
				CLANG_ANALYZER_NUMBER_OBJECT_CONVERSION = YES_AGGRESSIVE;
				CLANG_CXX_LANGUAGE_STANDARD = "gnu++14";
				CLANG_CXX_LIBRARY = "libc++";
				CLANG_ENABLE_MODULES = YES;
				CLANG_ENABLE_OBJC_ARC = YES;
				CLANG_ENABLE_OBJC_WEAK = YES;
				CLANG_WARN_BLOCK_CAPTURE_AUTORELEASING = YES;
				CLANG_WARN_BOOL_CONVERSION = YES;
				CLANG_WARN_COMMA = YES;
				CLANG_WARN_CONSTANT_CONVERSION = YES;
				CLANG_WARN_DEPRECATED_OBJC_IMPLEMENTATIONS = YES;
				CLANG_WARN_DIRECT_OBJC_ISA_USAGE = YES_ERROR;
				CLANG_WARN_DOCUMENTATION_COMMENTS = YES;
				CLANG_WARN_EMPTY_BODY = YES;
				CLANG_WARN_ENUM_CONVERSION = YES;
				CLANG_WARN_INFINITE_RECURSION = YES;
				CLANG_WARN_INT_CONVERSION = YES;
				CLANG_WARN_NON_LITERAL_NULL_CONVERSION = YES;
				CLANG_WARN_OBJC_IMPLICIT_RETAIN_SELF = YES;
				CLANG_WARN_OBJC_LITERAL_CONVERSION = YES;
				CLANG_WARN_OBJC_ROOT_CLASS = YES_ERROR;
				CLANG_WARN_RANGE_LOOP_ANALYSIS = YES;
				CLANG_WARN_STRICT_PROTOTYPES = YES;
				CLANG_WARN_SUSPICIOUS_MOVE = YES;
				CLANG_WARN_UNGUARDED_AVAILABILITY = YES_AGGRESSIVE;
				CLANG_WARN_UNREACHABLE_CODE = YES;
				CLANG_WARN__DUPLICATE_METHOD_MATCH = YES;
				CODE_SIGN_IDENTITY = "iPhone Developer";
				COPY_PHASE_STRIP = NO;
				DEBUG_INFORMATION_FORMAT = "dwarf-with-dsym";
				ENABLE_NS_ASSERTIONS = NO;
				ENABLE_STRICT_OBJC_MSGSEND = YES;
				GCC_C_LANGUAGE_STANDARD = gnu11;
				GCC_NO_COMMON_BLOCKS = YES;
				GCC_WARN_64_TO_32_BIT_CONVERSION = YES;
				GCC_WARN_ABOUT_RETURN_TYPE = YES_ERROR;
				GCC_WARN_UNDECLARED_SELECTOR = YES;
				GCC_WARN_UNINITIALIZED_AUTOS = YES_AGGRESSIVE;
				GCC_WARN_UNUSED_FUNCTION = YES;
				GCC_WARN_UNUSED_VARIABLE = YES;
				IPHONEOS_DEPLOYMENT_TARGET = 11.4;
				MTL_ENABLE_DEBUG_INFO = NO;
				SDKROOT = iphoneos;
				SWIFT_COMPILATION_MODE = wholemodule;
				SWIFT_OPTIMIZATION_LEVEL = "-O";
				VALIDATE_PRODUCT = YES;
			};
			name = Release;
		};
		6FBDCC3F21541D4C00C2318E /* Debug */ = {
			isa = XCBuildConfiguration;
			buildSettings = {
				ASSETCATALOG_COMPILER_APPICON_NAME = AppIcon;
				CODE_SIGN_IDENTITY = "iPhone Developer";
				CODE_SIGN_STYLE = Automatic;
				DEVELOPMENT_TEAM = YJD5PF6C3Z;
				INFOPLIST_FILE = groupProject/Info.plist;
				LD_RUNPATH_SEARCH_PATHS = (
					"$(inherited)",
					"@executable_path/Frameworks",
				);
				PRODUCT_BUNDLE_IDENTIFIER = cvtc.groupProject;
				PRODUCT_NAME = "$(TARGET_NAME)";
				PROVISIONING_PROFILE_SPECIFIER = "";
				SWIFT_VERSION = 4.0;
				TARGETED_DEVICE_FAMILY = "1,2";
			};
			name = Debug;
		};
		6FBDCC4021541D4C00C2318E /* Release */ = {
			isa = XCBuildConfiguration;
			buildSettings = {
				ASSETCATALOG_COMPILER_APPICON_NAME = AppIcon;
				CODE_SIGN_IDENTITY = "iPhone Developer";
				CODE_SIGN_STYLE = Automatic;
				DEVELOPMENT_TEAM = YJD5PF6C3Z;
				INFOPLIST_FILE = groupProject/Info.plist;
				LD_RUNPATH_SEARCH_PATHS = (
					"$(inherited)",
					"@executable_path/Frameworks",
				);
				PRODUCT_BUNDLE_IDENTIFIER = cvtc.groupProject;
				PRODUCT_NAME = "$(TARGET_NAME)";
				PROVISIONING_PROFILE_SPECIFIER = "";
				SWIFT_VERSION = 4.0;
				TARGETED_DEVICE_FAMILY = "1,2";
			};
			name = Release;
		};
/* End XCBuildConfiguration section */

/* Begin XCConfigurationList section */
		6FBDCC2421541D4B00C2318E /* Build configuration list for PBXProject "groupProject" */ = {
			isa = XCConfigurationList;
			buildConfigurations = (
				6FBDCC3C21541D4C00C2318E /* Debug */,
				6FBDCC3D21541D4C00C2318E /* Release */,
			);
			defaultConfigurationIsVisible = 0;
			defaultConfigurationName = Release;
		};
		6FBDCC3E21541D4C00C2318E /* Build configuration list for PBXNativeTarget "groupProject" */ = {
			isa = XCConfigurationList;
			buildConfigurations = (
				6FBDCC3F21541D4C00C2318E /* Debug */,
				6FBDCC4021541D4C00C2318E /* Release */,
			);
			defaultConfigurationIsVisible = 0;
			defaultConfigurationName = Release;
		};
/* End XCConfigurationList section */

/* Begin XCVersionGroup section */
		6FBDCC3321541D4B00C2318E /* groupProject.xcdatamodeld */ = {
			isa = XCVersionGroup;
			children = (
				6FBDCC3421541D4B00C2318E /* groupProject.xcdatamodel */,
			);
			currentVersion = 6FBDCC3421541D4B00C2318E /* groupProject.xcdatamodel */;
			path = groupProject.xcdatamodeld;
			sourceTree = "<group>";
			versionGroupType = wrapper.xcdatamodel;
		};
/* End XCVersionGroup section */
	};
	rootObject = 6FBDCC2121541D4B00C2318E /* Project object */;
}
